
Microsoft Visual Studio Solution File, Format Version 12.00
# Visual Studio Version 17
VisualStudioVersion = 17.7.34009.444
MinimumVisualStudioVersion = 10.0.40219.1
Project("{9A19103F-16F7-4668-BE54-9A1E7A4F7556}") = "NetworkLibrary", "NetworkLibrary\NetworkLibrary.csproj", "{38C30DF7-1A6E-4490-B18D-ABC2D5A442AD}"
EndProject
Project("{9A19103F-16F7-4668-BE54-9A1E7A4F7556}") = "ServerDirectory", "ServerDirectory\ServerDirectory.csproj", "{CF485D26-E30B-42D7-8CF6-2106408D20D9}"
EndProject
Project("{9A19103F-16F7-4668-BE54-9A1E7A4F7556}") = "Server", "Examples\Server\Server.csproj", "{4F064620-4821-4747-96B5-9907A422A8D7}"
EndProject
Project("{9A19103F-16F7-4668-BE54-9A1E7A4F7556}") = "Client", "Examples\Client\Client.csproj", "{512FDFBE-E5CD-4099-8607-58CA00917FCD}"
EndProject
Project("{2150E333-8FDC-42A3-9474-1A3956D46DE8}") = "Examples", "Examples", "{5AFB0125-9A8B-4062-8A01-4688E054AC30}"
EndProject
Global
	GlobalSection(SolutionConfigurationPlatforms) = preSolution
		Debug|Any CPU = Debug|Any CPU
		Release|Any CPU = Release|Any CPU
	EndGlobalSection
	GlobalSection(ProjectConfigurationPlatforms) = postSolution
		{38C30DF7-1A6E-4490-B18D-ABC2D5A442AD}.Debug|Any CPU.ActiveCfg = Debug|Any CPU
		{38C30DF7-1A6E-4490-B18D-ABC2D5A442AD}.Debug|Any CPU.Build.0 = Debug|Any CPU
		{38C30DF7-1A6E-4490-B18D-ABC2D5A442AD}.Release|Any CPU.ActiveCfg = Release|Any CPU
		{38C30DF7-1A6E-4490-B18D-ABC2D5A442AD}.Release|Any CPU.Build.0 = Release|Any CPU
		{CF485D26-E30B-42D7-8CF6-2106408D20D9}.Debug|Any CPU.ActiveCfg = Debug|Any CPU
		{CF485D26-E30B-42D7-8CF6-2106408D20D9}.Debug|Any CPU.Build.0 = Debug|Any CPU
		{CF485D26-E30B-42D7-8CF6-2106408D20D9}.Release|Any CPU.ActiveCfg = Release|Any CPU
		{CF485D26-E30B-42D7-8CF6-2106408D20D9}.Release|Any CPU.Build.0 = Release|Any CPU
		{4F064620-4821-4747-96B5-9907A422A8D7}.Debug|Any CPU.ActiveCfg = Debug|Any CPU
		{4F064620-4821-4747-96B5-9907A422A8D7}.Debug|Any CPU.Build.0 = Debug|Any CPU
		{4F064620-4821-4747-96B5-9907A422A8D7}.Release|Any CPU.ActiveCfg = Release|Any CPU
		{4F064620-4821-4747-96B5-9907A422A8D7}.Release|Any CPU.Build.0 = Release|Any CPU
		{512FDFBE-E5CD-4099-8607-58CA00917FCD}.Debug|Any CPU.ActiveCfg = Debug|Any CPU
		{512FDFBE-E5CD-4099-8607-58CA00917FCD}.Debug|Any CPU.Build.0 = Debug|Any CPU
		{512FDFBE-E5CD-4099-8607-58CA00917FCD}.Release|Any CPU.ActiveCfg = Release|Any CPU
		{512FDFBE-E5CD-4099-8607-58CA00917FCD}.Release|Any CPU.Build.0 = Release|Any CPU
	EndGlobalSection
	GlobalSection(SolutionProperties) = preSolution
		HideSolutionNode = FALSE
	EndGlobalSection
	GlobalSection(NestedProjects) = preSolution
		{4F064620-4821-4747-96B5-9907A422A8D7} = {5AFB0125-9A8B-4062-8A01-4688E054AC30}
		{512FDFBE-E5CD-4099-8607-58CA00917FCD} = {5AFB0125-9A8B-4062-8A01-4688E054AC30}
	EndGlobalSection
	GlobalSection(ExtensibilityGlobals) = postSolution
		SolutionGuid = {EE7D8ABD-E053-4587-9A5D-48D10FB41AF1}
	EndGlobalSection
EndGlobal
